
Microsoft Visual Studio Solution File, Format Version 12.00
# Visual Studio Version 16
VisualStudioVersion = 16.0.29512.175
MinimumVisualStudioVersion = 10.0.40219.1
Project("{9A19103F-16F7-4668-BE54-9A1E7A4F7556}") = "Breadshop.Server", "Server\Breadshop.Server.csproj", "{046E5AFE-75D0-4940-BF4F-C691308F4158}"
EndProject
Project("{9A19103F-16F7-4668-BE54-9A1E7A4F7556}") = "Breadshop.Client", "Client\Breadshop.Client.csproj", "{0AB82B57-3815-4EBA-980F-C57B0C07F53F}"
EndProject
Project("{9A19103F-16F7-4668-BE54-9A1E7A4F7556}") = "Breadshop.Shared", "Shared\Breadshop.Shared.csproj", "{F1378C99-F721-44FF-911D-AE0A2C8B9B05}"
EndProject
Global
	GlobalSection(SolutionConfigurationPlatforms) = preSolution
		Debug|Any CPU = Debug|Any CPU
		Release|Any CPU = Release|Any CPU
	EndGlobalSection
	GlobalSection(ProjectConfigurationPlatforms) = postSolution
		{046E5AFE-75D0-4940-BF4F-C691308F4158}.Debug|Any CPU.ActiveCfg = Debug|Any CPU
		{046E5AFE-75D0-4940-BF4F-C691308F4158}.Debug|Any CPU.Build.0 = Debug|Any CPU
		{046E5AFE-75D0-4940-BF4F-C691308F4158}.Release|Any CPU.ActiveCfg = Release|Any CPU
		{046E5AFE-75D0-4940-BF4F-C691308F4158}.Release|Any CPU.Build.0 = Release|Any CPU
		{0AB82B57-3815-4EBA-980F-C57B0C07F53F}.Debug|Any CPU.ActiveCfg = Debug|Any CPU
		{0AB82B57-3815-4EBA-980F-C57B0C07F53F}.Debug|Any CPU.Build.0 = Debug|Any CPU
		{0AB82B57-3815-4EBA-980F-C57B0C07F53F}.Release|Any CPU.ActiveCfg = Release|Any CPU
		{0AB82B57-3815-4EBA-980F-C57B0C07F53F}.Release|Any CPU.Build.0 = Release|Any CPU
		{F1378C99-F721-44FF-911D-AE0A2C8B9B05}.Debug|Any CPU.ActiveCfg = Debug|Any CPU
		{F1378C99-F721-44FF-911D-AE0A2C8B9B05}.Debug|Any CPU.Build.0 = Debug|Any CPU
		{F1378C99-F721-44FF-911D-AE0A2C8B9B05}.Release|Any CPU.ActiveCfg = Release|Any CPU
		{F1378C99-F721-44FF-911D-AE0A2C8B9B05}.Release|Any CPU.Build.0 = Release|Any CPU
	EndGlobalSection
	GlobalSection(SolutionProperties) = preSolution
		HideSolutionNode = FALSE
	EndGlobalSection
	GlobalSection(ExtensibilityGlobals) = postSolution
		SolutionGuid = {ACD8A629-3281-49D2-BCA5-2F5648528C8C}
	EndGlobalSection
EndGlobal
